
Microsoft Visual Studio Solution File, Format Version 12.00
# Visual Studio Version 16
VisualStudioVersion = 16.0.31424.327
MinimumVisualStudioVersion = 10.0.40219.1
Project("{FAE04EC0-301F-11D3-BF4B-00C04F79EFBC}") = "BuscadorLOL", "BuscadorLOL.csproj", "{890EBD07-2AF7-4BD0-A9C5-4C2080559C23}"
EndProject
Global
	GlobalSection(SolutionConfigurationPlatforms) = preSolution
		Debug|Any CPU = Debug|Any CPU
		Release|Any CPU = Release|Any CPU
	EndGlobalSection
	GlobalSection(ProjectConfigurationPlatforms) = postSolution
		{890EBD07-2AF7-4BD0-A9C5-4C2080559C23}.Debug|Any CPU.ActiveCfg = Debug|Any CPU
		{890EBD07-2AF7-4BD0-A9C5-4C2080559C23}.Debug|Any CPU.Build.0 = Debug|Any CPU
		{890EBD07-2AF7-4BD0-A9C5-4C2080559C23}.Release|Any CPU.ActiveCfg = Release|Any CPU
		{890EBD07-2AF7-4BD0-A9C5-4C2080559C23}.Release|Any CPU.Build.0 = Release|Any CPU
	EndGlobalSection
	GlobalSection(SolutionProperties) = preSolution
		HideSolutionNode = FALSE
	EndGlobalSection
	GlobalSection(ExtensibilityGlobals) = postSolution
		SolutionGuid = {BC68D556-7820-4E6A-8DED-556055F9FA80}
	EndGlobalSection
EndGlobal
