
Microsoft Visual Studio Solution File, Format Version 12.00
# Visual Studio Version 16
VisualStudioVersion = 16.0.31424.327
MinimumVisualStudioVersion = 10.0.40219.1
Project("{FAE04EC0-301F-11D3-BF4B-00C04F79EFBC}") = "ApiCatalogoJogos", "ApiCatalogoJogos\ApiCatalogoJogos.csproj", "{949DB00F-7BD3-40BE-A628-AE10D05D93FE}"
EndProject
Global
	GlobalSection(SolutionConfigurationPlatforms) = preSolution
		Debug|Any CPU = Debug|Any CPU
		Release|Any CPU = Release|Any CPU
	EndGlobalSection
	GlobalSection(ProjectConfigurationPlatforms) = postSolution
		{949DB00F-7BD3-40BE-A628-AE10D05D93FE}.Debug|Any CPU.ActiveCfg = Debug|Any CPU
		{949DB00F-7BD3-40BE-A628-AE10D05D93FE}.Debug|Any CPU.Build.0 = Debug|Any CPU
		{949DB00F-7BD3-40BE-A628-AE10D05D93FE}.Release|Any CPU.ActiveCfg = Release|Any CPU
		{949DB00F-7BD3-40BE-A628-AE10D05D93FE}.Release|Any CPU.Build.0 = Release|Any CPU
	EndGlobalSection
	GlobalSection(SolutionProperties) = preSolution
		HideSolutionNode = FALSE
	EndGlobalSection
	GlobalSection(ExtensibilityGlobals) = postSolution
		SolutionGuid = {D65FF30C-9D47-466F-9469-808138E2EB73}
	EndGlobalSection
EndGlobal
