
Microsoft Visual Studio Solution File, Format Version 12.00
# Visual Studio Version 16
VisualStudioVersion = 16.0.31424.327
MinimumVisualStudioVersion = 10.0.40219.1
Project("{F2A71F9B-5D33-465A-A702-920D77279786}") = "ApiJogosCatalogo", "ApiJogosCatalogo.fsproj", "{6A14C390-C5A8-4247-B6A0-1787D4E86025}"
EndProject
Global
	GlobalSection(SolutionConfigurationPlatforms) = preSolution
		Debug|Any CPU = Debug|Any CPU
		Release|Any CPU = Release|Any CPU
	EndGlobalSection
	GlobalSection(ProjectConfigurationPlatforms) = postSolution
		{6A14C390-C5A8-4247-B6A0-1787D4E86025}.Debug|Any CPU.ActiveCfg = Debug|Any CPU
		{6A14C390-C5A8-4247-B6A0-1787D4E86025}.Debug|Any CPU.Build.0 = Debug|Any CPU
		{6A14C390-C5A8-4247-B6A0-1787D4E86025}.Release|Any CPU.ActiveCfg = Release|Any CPU
		{6A14C390-C5A8-4247-B6A0-1787D4E86025}.Release|Any CPU.Build.0 = Release|Any CPU
	EndGlobalSection
	GlobalSection(SolutionProperties) = preSolution
		HideSolutionNode = FALSE
	EndGlobalSection
	GlobalSection(ExtensibilityGlobals) = postSolution
		SolutionGuid = {CD683967-FF72-4BA2-BB7E-46C2ED1F109C}
	EndGlobalSection
EndGlobal
