
Microsoft Visual Studio Solution File, Format Version 12.00
# Visual Studio Version 16
VisualStudioVersion = 16.0.31424.327
MinimumVisualStudioVersion = 10.0.40219.1
Project("{FAE04EC0-301F-11D3-BF4B-00C04F79EFBC}") = "WebApplication1", "WebApplication1\WebApplication1.csproj", "{BF769E45-DE0E-4BED-AAB2-9E147C5E4EAF}"
EndProject
Global
	GlobalSection(SolutionConfigurationPlatforms) = preSolution
		Debug|Any CPU = Debug|Any CPU
		Release|Any CPU = Release|Any CPU
	EndGlobalSection
	GlobalSection(ProjectConfigurationPlatforms) = postSolution
		{BF769E45-DE0E-4BED-AAB2-9E147C5E4EAF}.Debug|Any CPU.ActiveCfg = Debug|Any CPU
		{BF769E45-DE0E-4BED-AAB2-9E147C5E4EAF}.Debug|Any CPU.Build.0 = Debug|Any CPU
		{BF769E45-DE0E-4BED-AAB2-9E147C5E4EAF}.Release|Any CPU.ActiveCfg = Release|Any CPU
		{BF769E45-DE0E-4BED-AAB2-9E147C5E4EAF}.Release|Any CPU.Build.0 = Release|Any CPU
	EndGlobalSection
	GlobalSection(SolutionProperties) = preSolution
		HideSolutionNode = FALSE
	EndGlobalSection
	GlobalSection(ExtensibilityGlobals) = postSolution
		SolutionGuid = {7E5C8DEC-8ACC-4CE0-B0C7-17F32C67DF30}
	EndGlobalSection
EndGlobal
