
Microsoft Visual Studio Solution File, Format Version 12.00
# Visual Studio Version 16
VisualStudioVersion = 16.0.31729.503
MinimumVisualStudioVersion = 10.0.40219.1
Project("{FAE04EC0-301F-11D3-BF4B-00C04F79EFBC}") = "ApiCatalogoOficinas", "ApiCatalogoOficinas\ApiCatalogoOficinas.csproj", "{DBF315FD-2574-4720-9FFA-CA09E9F8C1FC}"
EndProject
Global
	GlobalSection(SolutionConfigurationPlatforms) = preSolution
		Debug|Any CPU = Debug|Any CPU
		Release|Any CPU = Release|Any CPU
	EndGlobalSection
	GlobalSection(ProjectConfigurationPlatforms) = postSolution
		{DBF315FD-2574-4720-9FFA-CA09E9F8C1FC}.Debug|Any CPU.ActiveCfg = Debug|Any CPU
		{DBF315FD-2574-4720-9FFA-CA09E9F8C1FC}.Debug|Any CPU.Build.0 = Debug|Any CPU
		{DBF315FD-2574-4720-9FFA-CA09E9F8C1FC}.Release|Any CPU.ActiveCfg = Release|Any CPU
		{DBF315FD-2574-4720-9FFA-CA09E9F8C1FC}.Release|Any CPU.Build.0 = Release|Any CPU
	EndGlobalSection
	GlobalSection(SolutionProperties) = preSolution
		HideSolutionNode = FALSE
	EndGlobalSection
	GlobalSection(ExtensibilityGlobals) = postSolution
		SolutionGuid = {C21B9232-AE78-479F-9090-A0E79425A10D}
	EndGlobalSection
EndGlobal
