
Microsoft Visual Studio Solution File, Format Version 12.00
# Visual Studio Version 16
VisualStudioVersion = 16.0.31729.503
MinimumVisualStudioVersion = 10.0.40219.1
Project("{FAE04EC0-301F-11D3-BF4B-00C04F79EFBC}") = "OficinasUsuario.Server", "OficinasUsuario\Server\OficinasUsuario.Server.csproj", "{977AFCE0-784B-40FF-A545-8105DA9991A5}"
EndProject
Project("{FAE04EC0-301F-11D3-BF4B-00C04F79EFBC}") = "OficinasUsuario.Client", "OficinasUsuario\Client\OficinasUsuario.Client.csproj", "{29AB1431-7215-4001-85A4-275AF2FA24E5}"
EndProject
Project("{FAE04EC0-301F-11D3-BF4B-00C04F79EFBC}") = "OficinasUsuario.Shared", "OficinasUsuario\Shared\OficinasUsuario.Shared.csproj", "{B3618FC1-86B4-46D2-9544-2E18CB3B0F63}"
EndProject
Global
	GlobalSection(SolutionConfigurationPlatforms) = preSolution
		Debug|Any CPU = Debug|Any CPU
		Release|Any CPU = Release|Any CPU
	EndGlobalSection
	GlobalSection(ProjectConfigurationPlatforms) = postSolution
		{977AFCE0-784B-40FF-A545-8105DA9991A5}.Debug|Any CPU.ActiveCfg = Debug|Any CPU
		{977AFCE0-784B-40FF-A545-8105DA9991A5}.Debug|Any CPU.Build.0 = Debug|Any CPU
		{977AFCE0-784B-40FF-A545-8105DA9991A5}.Release|Any CPU.ActiveCfg = Release|Any CPU
		{977AFCE0-784B-40FF-A545-8105DA9991A5}.Release|Any CPU.Build.0 = Release|Any CPU
		{29AB1431-7215-4001-85A4-275AF2FA24E5}.Debug|Any CPU.ActiveCfg = Debug|Any CPU
		{29AB1431-7215-4001-85A4-275AF2FA24E5}.Debug|Any CPU.Build.0 = Debug|Any CPU
		{29AB1431-7215-4001-85A4-275AF2FA24E5}.Release|Any CPU.ActiveCfg = Release|Any CPU
		{29AB1431-7215-4001-85A4-275AF2FA24E5}.Release|Any CPU.Build.0 = Release|Any CPU
		{B3618FC1-86B4-46D2-9544-2E18CB3B0F63}.Debug|Any CPU.ActiveCfg = Debug|Any CPU
		{B3618FC1-86B4-46D2-9544-2E18CB3B0F63}.Debug|Any CPU.Build.0 = Debug|Any CPU
		{B3618FC1-86B4-46D2-9544-2E18CB3B0F63}.Release|Any CPU.ActiveCfg = Release|Any CPU
		{B3618FC1-86B4-46D2-9544-2E18CB3B0F63}.Release|Any CPU.Build.0 = Release|Any CPU
	EndGlobalSection
	GlobalSection(SolutionProperties) = preSolution
		HideSolutionNode = FALSE
	EndGlobalSection
	GlobalSection(ExtensibilityGlobals) = postSolution
		SolutionGuid = {54CEBF96-09AF-4ED4-8C2C-C58ED0E0AB5E}
	EndGlobalSection
EndGlobal
